
Microsoft Visual Studio Solution File, Format Version 12.00
# Visual Studio Version 17
VisualStudioVersion = 17.2.32526.322
MinimumVisualStudioVersion = 10.0.40219.1
Project("{FAE04EC0-301F-11D3-BF4B-00C04F79EFBC}") = "DrivingSchool", "DrivingSchool\DrivingSchool.csproj", "{52A3D688-A42C-48F9-8784-5D6531A2B927}"
EndProject
Global
	GlobalSection(SolutionConfigurationPlatforms) = preSolution
		Debug|Any CPU = Debug|Any CPU
		Release|Any CPU = Release|Any CPU
	EndGlobalSection
	GlobalSection(ProjectConfigurationPlatforms) = postSolution
		{52A3D688-A42C-48F9-8784-5D6531A2B927}.Debug|Any CPU.ActiveCfg = Debug|Any CPU
		{52A3D688-A42C-48F9-8784-5D6531A2B927}.Debug|Any CPU.Build.0 = Debug|Any CPU
		{52A3D688-A42C-48F9-8784-5D6531A2B927}.Release|Any CPU.ActiveCfg = Release|Any CPU
		{52A3D688-A42C-48F9-8784-5D6531A2B927}.Release|Any CPU.Build.0 = Release|Any CPU
	EndGlobalSection
	GlobalSection(SolutionProperties) = preSolution
		HideSolutionNode = FALSE
	EndGlobalSection
	GlobalSection(ExtensibilityGlobals) = postSolution
		SolutionGuid = {11C2CA41-C5B0-4D3D-91A5-F9B4FFF8109F}
	EndGlobalSection
EndGlobal
